{"1.2.0",
[{<<"certifi">>,{pkg,<<"certifi">>,<<"2.17.0">>},1},
 {<<"h2">>,{pkg,<<"h2">>,<<"0.11.0">>},1},
 {<<"hackney">>,{pkg,<<"hackney">>,<<"4.7.2">>},0},
 {<<"idna">>,{pkg,<<"idna">>,<<"7.1.0">>},1},
 {<<"mimerl">>,{pkg,<<"mimerl">>,<<"1.5.0">>},1},
 {<<"parse_trans">>,{pkg,<<"parse_trans">>,<<"3.4.2">>},1},
 {<<"quic">>,{pkg,<<"quic">>,<<"1.7.1">>},2},
 {<<"ssl_verify_fun">>,{pkg,<<"ssl_verify_fun">>,<<"1.1.7">>},1},
 {<<"webtransport">>,{pkg,<<"webtransport">>,<<"0.4.3">>},1}]}.
[
{pkg_hash,[
 {<<"certifi">>, <<"835748414307E15E05B17D0E518190228CE648B08D569A5CC93A85A40F3E5C9B">>},
 {<<"h2">>, <<"B8C9F7C86F400582C5CBED59F79C0EFD6CF49AD6478C210BEDE91D2D15019B14">>},
 {<<"hackney">>, <<"8F712C94D90220CC21EA8049172C2E760FFC41737060667603AA1AEF52AB9A4D">>},
 {<<"idna">>, <<"1067A13043538129602D2F2CE6899D8713125C7D19734AA557CE2E3EA55BD4F1">>},
 {<<"mimerl">>, <<"F35ACA6F23242339B3666E0AC0702379E362B469D0AEA167F6CC713547E777ED">>},
 {<<"parse_trans">>, <<"C352DDC1A0D5E54F9B1654D45F9C432EEF76F9CEA371C55DDFF769EF688FDB74">>},
 {<<"quic">>, <<"1AC5331739E17928A797D5FF103629A9FAA91167481C326D7043B323E3BDC3B1">>},
 {<<"ssl_verify_fun">>, <<"354C321CF377240C7B8716899E182CE4890C5938111A1296ADD3EC74CF1715DF">>},
 {<<"webtransport">>, <<"DF0C53DA138CDC5F3390A31EF612CAA3A041C23E18C1A0B6FBD4D72743277806">>}]},
{pkg_hash_ext,[
 {<<"certifi">>, <<"8122798A17F0293C80DAADA25D0F81C7F4D708C73FEF782C7C9B1950E26E4D21">>},
 {<<"h2">>, <<"C61F24361D0DC76375EAF35C2BF0E01235D81B7685538DF571DB036467FAC358">>},
 {<<"hackney">>, <<"FAD03E527A6B1811EF3362EBE9D6D826D988927C18AFC71358C35BF2098110E4">>},
 {<<"idna">>, <<"6AE959A025BF36DF61A8CAB8508D9654891B5426A84C44D82DEAFFD6DDF8C71F">>},
 {<<"mimerl">>, <<"DB648CE065BAE14EA84CA8B5DD123F42F49417CEF693541110BF6F9E9BE9ECC4">>},
 {<<"parse_trans">>, <<"4C25347DE3B7C35732D32E69AB43D1CEEE0BEAE3F3B3ADE1B59CBD3DD224D9CA">>},
 {<<"quic">>, <<"9B85784F1D78F5C3ADFEE5F52C3448CAC3B03F5F0403D5DC782231C3D3AD709D">>},
 {<<"ssl_verify_fun">>, <<"FE4C190E8F37401D30167C8C405EDA19469F34577987C76DDE613E838BBC67F8">>},
 {<<"webtransport">>, <<"3AE8C76696CDB56BEE3CAF1DD853A0A596339886468CA17C578A9BFD647DAB9D">>}]}
].
